{
  "object": {
    "pins": [
      {
        "package": "geos",
        "repositoryURL": "https://github.com/GEOSwift/geos.git",
        "state": {
          "branch": null,
          "revision": "f510e634c822116fca615064d889300dba40d761",
          "version": "8.1.0"
        }
      },
      {
        "package": "GEOSwift",
        "repositoryURL": "https://github.com/GEOSwift/GEOSwift.git",
        "state": {
          "branch": null,
          "revision": "2d23ede8c82c067655d3a9f0221bc73f08cd399a",
          "version": "10.1.0"
        }
      },
      {
        "package": "Kanna",
        "repositoryURL": "https://github.com/tid-kijyun/Kanna.git",
        "state": {
          "branch": null,
          "revision": "f9e4922223dd0d3dfbf02ca70812cf5531fc0593",
          "version": "5.2.7"
        }
      },
      {
        "package": "swift-sovereign-states",
        "repositoryURL": "https://github.com/randomhashtags/swift-sovereign-states.git",
        "state": {
          "branch": null,
          "revision": "f7c7ffcea4cc5c24a349871f5b107a9b0d5ee537",
          "version": "1.3.2"
        }
      }
    ]
  },
  "version": 1
}
