{
  "pins" : [
    {
      "identity" : "geos",
      "kind" : "remoteSourceControl",
      "location" : "https://github.com/GEOSwift/geos.git",
      "state" : {
        "revision" : "dc3a1e798e7ebb3cee1b6b219af2b0783820ff60",
        "version" : "7.0.0"
      }
    },
    {
      "identity" : "geoswift",
      "kind" : "remoteSourceControl",
      "location" : "https://github.com/GEOSwift/GEOSwift.git",
      "state" : {
        "revision" : "ab813f1acbd92986e8733356b73b3f6d4ddc08e0",
        "version" : "9.0.0"
      }
    },
    {
      "identity" : "swift-sovereign-states",
      "kind" : "remoteSourceControl",
      "location" : "https://github.com/randomhashtags/swift-sovereign-states.git",
      "state" : {
        "revision" : "741292e8445f78ba9e315949422395427b3e7756",
        "version" : "1.1.1"
      }
    }
  ],
  "version" : 2
}
