{
  "object": {
    "pins": [
      {
        "package": "geos",
        "repositoryURL": "https://github.com/GEOSwift/geos.git",
        "state": {
          "branch": null,
          "revision": "4d8af495e7507f48f1ae9104102debdd2043917b",
          "version": "9.0.0"
        }
      },
      {
        "package": "GEOSwift",
        "repositoryURL": "https://github.com/GEOSwift/GEOSwift.git",
        "state": {
          "branch": null,
          "revision": "9ddf733b9f72799eb7651d1e0d322f2426b36a06",
          "version": "11.2.0"
        }
      },
      {
        "package": "Kanna",
        "repositoryURL": "https://github.com/tid-kijyun/Kanna.git",
        "state": {
          "branch": null,
          "revision": "f9e4922223dd0d3dfbf02ca70812cf5531fc0593",
          "version": "5.2.7"
        }
      },
      {
        "package": "swift-sovereign-states",
        "repositoryURL": "https://github.com/randomhashtags/swift-sovereign-states.git",
        "state": {
          "branch": null,
          "revision": "f7c7ffcea4cc5c24a349871f5b107a9b0d5ee537",
          "version": "1.3.2"
        }
      }
    ]
  },
  "version": 1
}
